
Microsoft Visual Studio Solution File, Format Version 12.00
# Visual Studio Version 16
VisualStudioVersion = 16.0.30804.86
MinimumVisualStudioVersion = 10.0.40219.1
Project("{2150E333-8FDC-42A3-9474-1A3956D46DE8}") = "00.NLib", "00.NLib", "{CDDB8642-1C54-4567-8A43-53D0F14F4EE8}"
EndProject
Project("{FAE04EC0-301F-11D3-BF4B-00C04F79EFBC}") = "NLib", "00.NLib\NLib\NLib.csproj", "{41A9D6C0-C833-403F-9BC1-EECDC246A428}"
EndProject
Project("{FAE04EC0-301F-11D3-BF4B-00C04F79EFBC}") = "NLib.Reports", "00.NLib\NLib.Reports\NLib.Reports.csproj", "{5879D92A-F850-4A70-8D88-99D29F6A46F3}"
EndProject
Project("{2150E333-8FDC-42A3-9474-1A3956D46DE8}") = "Solution Items", "Solution Items", "{26030AE5-C95A-491D-82F1-346825F50BA2}"
	ProjectSection(SolutionItems) = preProject
		history.txt = history.txt
	EndProjectSection
EndProject
Project("{2150E333-8FDC-42A3-9474-1A3956D46DE8}") = "01.Core", "01.Core", "{D4D42667-B466-4802-94A2-FD597F11D9B2}"
EndProject
Project("{FAE04EC0-301F-11D3-BF4B-00C04F79EFBC}") = "DMT.Core", "01.Core\DMT.Core\DMT.Core.csproj", "{DB7FB4B5-3662-479E-A7DA-26B73611BFD4}"
EndProject
Project("{FAE04EC0-301F-11D3-BF4B-00C04F79EFBC}") = "DMT.Smartcard", "01.Core\DMT.Smartcard\DMT.Smartcard.csproj", "{5148ED2A-41FA-409C-BB41-36806D98BF81}"
EndProject
Project("{2150E333-8FDC-42A3-9474-1A3956D46DE8}") = "02.Models", "02.Models", "{E5900F76-6798-4218-8CBB-26E45DF3FD09}"
EndProject
Project("{FAE04EC0-301F-11D3-BF4B-00C04F79EFBC}") = "DMT.Models", "02.Models\DMT.Models\DMT.Models.csproj", "{7D584F0A-920F-4BE1-8652-3527FD7A5C27}"
EndProject
Project("{FAE04EC0-301F-11D3-BF4B-00C04F79EFBC}") = "DMT.TA.Models", "02.Models\DMT.TA.Models\DMT.TA.Models.csproj", "{3765DC14-2C59-445F-8E73-EFC7A59709E4}"
EndProject
Project("{FAE04EC0-301F-11D3-BF4B-00C04F79EFBC}") = "DMT.TOD.Models", "02.Models\DMT.TOD.Models\DMT.TOD.Models.csproj", "{C9B46736-C7E7-40DC-957F-BE015E598300}"
EndProject
Project("{2150E333-8FDC-42A3-9474-1A3956D46DE8}") = "09.App", "09.App", "{5E9767B7-D813-4A45-9A3C-36AE8C6F8012}"
EndProject
Project("{2150E333-8FDC-42A3-9474-1A3956D46DE8}") = "06.Controls", "06.Controls", "{FA95C320-8BF2-4D1E-BE23-4166234717A4}"
EndProject
Project("{2150E333-8FDC-42A3-9474-1A3956D46DE8}") = "03.WebServices.Common", "03.WebServices.Common", "{741A919D-30EB-42D6-ABEB-5FA441E95619}"
EndProject
Project("{2150E333-8FDC-42A3-9474-1A3956D46DE8}") = "04.WebServices.Servers", "04.WebServices.Servers", "{A37F7CBC-E41C-4D74-9940-6DBC858C7756}"
EndProject
Project("{2150E333-8FDC-42A3-9474-1A3956D46DE8}") = "05.WebServices.Clients", "05.WebServices.Clients", "{51289259-41E7-4EA1-9625-4B3C4A7AB697}"
EndProject
Project("{FAE04EC0-301F-11D3-BF4B-00C04F79EFBC}") = "DMT.RabbitMQ.Client", "05.WebServices.Clients\DMT.RabbitMQ.Client\DMT.RabbitMQ.Client.csproj", "{37616CB2-8712-4767-B165-76F046CFC68B}"
EndProject
Project("{FAE04EC0-301F-11D3-BF4B-00C04F79EFBC}") = "DMT.Rest.Client", "03.WebServices.Core\DMT.Rest.Client\DMT.Rest.Client.csproj", "{26BA4314-6B80-4A59-9E0D-7C29919BBC6F}"
EndProject
Project("{FAE04EC0-301F-11D3-BF4B-00C04F79EFBC}") = "DMT.Rest.Server", "03.WebServices.Core\DMT.Rest.Server\DMT.Rest.Server.csproj", "{53F967F3-9713-43DA-94F5-687DDEC8CF04}"
EndProject
Project("{FAE04EC0-301F-11D3-BF4B-00C04F79EFBC}") = "DMT.TA.Rest.Server", "04.WebServices.Servers\DMT.TA.Rest.Server\DMT.TA.Rest.Server.csproj", "{D571EA41-A05B-4C3C-8738-D6DD706C6A51}"
EndProject
Project("{FAE04EC0-301F-11D3-BF4B-00C04F79EFBC}") = "DMT.SCW.RestClient", "05.WebServices.Clients\DMT.SCW.Rest.Client\DMT.SCW.RestClient.csproj", "{5AFDD4C5-434E-4B9F-A6E8-05C75DD95B59}"
EndProject
Global
	GlobalSection(SolutionConfigurationPlatforms) = preSolution
		Debug|Any CPU = Debug|Any CPU
		Release|Any CPU = Release|Any CPU
	EndGlobalSection
	GlobalSection(ProjectConfigurationPlatforms) = postSolution
		{41A9D6C0-C833-403F-9BC1-EECDC246A428}.Debug|Any CPU.ActiveCfg = Debug|Any CPU
		{41A9D6C0-C833-403F-9BC1-EECDC246A428}.Debug|Any CPU.Build.0 = Debug|Any CPU
		{41A9D6C0-C833-403F-9BC1-EECDC246A428}.Release|Any CPU.ActiveCfg = Release|Any CPU
		{41A9D6C0-C833-403F-9BC1-EECDC246A428}.Release|Any CPU.Build.0 = Release|Any CPU
		{5879D92A-F850-4A70-8D88-99D29F6A46F3}.Debug|Any CPU.ActiveCfg = Debug|Any CPU
		{5879D92A-F850-4A70-8D88-99D29F6A46F3}.Debug|Any CPU.Build.0 = Debug|Any CPU
		{5879D92A-F850-4A70-8D88-99D29F6A46F3}.Release|Any CPU.ActiveCfg = Release|Any CPU
		{5879D92A-F850-4A70-8D88-99D29F6A46F3}.Release|Any CPU.Build.0 = Release|Any CPU
		{DB7FB4B5-3662-479E-A7DA-26B73611BFD4}.Debug|Any CPU.ActiveCfg = Debug|Any CPU
		{DB7FB4B5-3662-479E-A7DA-26B73611BFD4}.Debug|Any CPU.Build.0 = Debug|Any CPU
		{DB7FB4B5-3662-479E-A7DA-26B73611BFD4}.Release|Any CPU.ActiveCfg = Release|Any CPU
		{DB7FB4B5-3662-479E-A7DA-26B73611BFD4}.Release|Any CPU.Build.0 = Release|Any CPU
		{5148ED2A-41FA-409C-BB41-36806D98BF81}.Debug|Any CPU.ActiveCfg = Debug|Any CPU
		{5148ED2A-41FA-409C-BB41-36806D98BF81}.Debug|Any CPU.Build.0 = Debug|Any CPU
		{5148ED2A-41FA-409C-BB41-36806D98BF81}.Release|Any CPU.ActiveCfg = Release|Any CPU
		{5148ED2A-41FA-409C-BB41-36806D98BF81}.Release|Any CPU.Build.0 = Release|Any CPU
		{7D584F0A-920F-4BE1-8652-3527FD7A5C27}.Debug|Any CPU.ActiveCfg = Debug|Any CPU
		{7D584F0A-920F-4BE1-8652-3527FD7A5C27}.Debug|Any CPU.Build.0 = Debug|Any CPU
		{7D584F0A-920F-4BE1-8652-3527FD7A5C27}.Release|Any CPU.ActiveCfg = Release|Any CPU
		{7D584F0A-920F-4BE1-8652-3527FD7A5C27}.Release|Any CPU.Build.0 = Release|Any CPU
		{3765DC14-2C59-445F-8E73-EFC7A59709E4}.Debug|Any CPU.ActiveCfg = Debug|Any CPU
		{3765DC14-2C59-445F-8E73-EFC7A59709E4}.Debug|Any CPU.Build.0 = Debug|Any CPU
		{3765DC14-2C59-445F-8E73-EFC7A59709E4}.Release|Any CPU.ActiveCfg = Release|Any CPU
		{3765DC14-2C59-445F-8E73-EFC7A59709E4}.Release|Any CPU.Build.0 = Release|Any CPU
		{C9B46736-C7E7-40DC-957F-BE015E598300}.Debug|Any CPU.ActiveCfg = Debug|Any CPU
		{C9B46736-C7E7-40DC-957F-BE015E598300}.Debug|Any CPU.Build.0 = Debug|Any CPU
		{C9B46736-C7E7-40DC-957F-BE015E598300}.Release|Any CPU.ActiveCfg = Release|Any CPU
		{C9B46736-C7E7-40DC-957F-BE015E598300}.Release|Any CPU.Build.0 = Release|Any CPU
		{37616CB2-8712-4767-B165-76F046CFC68B}.Debug|Any CPU.ActiveCfg = Debug|Any CPU
		{37616CB2-8712-4767-B165-76F046CFC68B}.Debug|Any CPU.Build.0 = Debug|Any CPU
		{37616CB2-8712-4767-B165-76F046CFC68B}.Release|Any CPU.ActiveCfg = Release|Any CPU
		{37616CB2-8712-4767-B165-76F046CFC68B}.Release|Any CPU.Build.0 = Release|Any CPU
		{26BA4314-6B80-4A59-9E0D-7C29919BBC6F}.Debug|Any CPU.ActiveCfg = Debug|Any CPU
		{26BA4314-6B80-4A59-9E0D-7C29919BBC6F}.Debug|Any CPU.Build.0 = Debug|Any CPU
		{26BA4314-6B80-4A59-9E0D-7C29919BBC6F}.Release|Any CPU.ActiveCfg = Release|Any CPU
		{26BA4314-6B80-4A59-9E0D-7C29919BBC6F}.Release|Any CPU.Build.0 = Release|Any CPU
		{53F967F3-9713-43DA-94F5-687DDEC8CF04}.Debug|Any CPU.ActiveCfg = Debug|Any CPU
		{53F967F3-9713-43DA-94F5-687DDEC8CF04}.Debug|Any CPU.Build.0 = Debug|Any CPU
		{53F967F3-9713-43DA-94F5-687DDEC8CF04}.Release|Any CPU.ActiveCfg = Release|Any CPU
		{53F967F3-9713-43DA-94F5-687DDEC8CF04}.Release|Any CPU.Build.0 = Release|Any CPU
		{D571EA41-A05B-4C3C-8738-D6DD706C6A51}.Debug|Any CPU.ActiveCfg = Debug|Any CPU
		{D571EA41-A05B-4C3C-8738-D6DD706C6A51}.Debug|Any CPU.Build.0 = Debug|Any CPU
		{D571EA41-A05B-4C3C-8738-D6DD706C6A51}.Release|Any CPU.ActiveCfg = Release|Any CPU
		{D571EA41-A05B-4C3C-8738-D6DD706C6A51}.Release|Any CPU.Build.0 = Release|Any CPU
		{5AFDD4C5-434E-4B9F-A6E8-05C75DD95B59}.Debug|Any CPU.ActiveCfg = Debug|Any CPU
		{5AFDD4C5-434E-4B9F-A6E8-05C75DD95B59}.Debug|Any CPU.Build.0 = Debug|Any CPU
		{5AFDD4C5-434E-4B9F-A6E8-05C75DD95B59}.Release|Any CPU.ActiveCfg = Release|Any CPU
		{5AFDD4C5-434E-4B9F-A6E8-05C75DD95B59}.Release|Any CPU.Build.0 = Release|Any CPU
	EndGlobalSection
	GlobalSection(SolutionProperties) = preSolution
		HideSolutionNode = FALSE
	EndGlobalSection
	GlobalSection(NestedProjects) = preSolution
		{41A9D6C0-C833-403F-9BC1-EECDC246A428} = {CDDB8642-1C54-4567-8A43-53D0F14F4EE8}
		{5879D92A-F850-4A70-8D88-99D29F6A46F3} = {CDDB8642-1C54-4567-8A43-53D0F14F4EE8}
		{DB7FB4B5-3662-479E-A7DA-26B73611BFD4} = {D4D42667-B466-4802-94A2-FD597F11D9B2}
		{5148ED2A-41FA-409C-BB41-36806D98BF81} = {D4D42667-B466-4802-94A2-FD597F11D9B2}
		{7D584F0A-920F-4BE1-8652-3527FD7A5C27} = {E5900F76-6798-4218-8CBB-26E45DF3FD09}
		{3765DC14-2C59-445F-8E73-EFC7A59709E4} = {E5900F76-6798-4218-8CBB-26E45DF3FD09}
		{C9B46736-C7E7-40DC-957F-BE015E598300} = {E5900F76-6798-4218-8CBB-26E45DF3FD09}
		{37616CB2-8712-4767-B165-76F046CFC68B} = {51289259-41E7-4EA1-9625-4B3C4A7AB697}
		{26BA4314-6B80-4A59-9E0D-7C29919BBC6F} = {741A919D-30EB-42D6-ABEB-5FA441E95619}
		{53F967F3-9713-43DA-94F5-687DDEC8CF04} = {741A919D-30EB-42D6-ABEB-5FA441E95619}
		{D571EA41-A05B-4C3C-8738-D6DD706C6A51} = {A37F7CBC-E41C-4D74-9940-6DBC858C7756}
		{5AFDD4C5-434E-4B9F-A6E8-05C75DD95B59} = {51289259-41E7-4EA1-9625-4B3C4A7AB697}
	EndGlobalSection
	GlobalSection(ExtensibilityGlobals) = postSolution
		SolutionGuid = {58614D66-5325-4D9E-9D59-4565CA008274}
	EndGlobalSection
EndGlobal
